PODS:
  - SegementSlide (2.1.1)

DEPENDENCIES:
  - SegementSlide (= 2.1.1)

SPEC REPOS:
  https://github.com/cocoapods/specs.git:
    - SegementSlide

SPEC CHECKSUMS:
  SegementSlide: 95ebbdd2f616c0d9ab1a6046e67292bb3fb08f7c

PODFILE CHECKSUM: 790115c2f7d4ee3b8c706eb11c0f77bedcd30b5b

COCOAPODS: 1.7.0
