// !$*UTF8*$!
{
	archiveVersion = 1;
	classes = {
	};
	objectVersion = 50;
	objects = {

/* Begin PBXBuildFile section */
		36158C8722A3BFEE00529DAB /* AppDelegate.swift in Sources */ = {isa = PBXBuildFile; fileRef = 36158C8622A3BFEE00529DAB /* AppDelegate.swift */; };
		36158C8922A3BFEE00529DAB /* ViewController.swift in Sources */ = {isa = PBXBuildFile; fileRef = 36158C8822A3BFEE00529DAB /* ViewController.swift */; };
		36158C8C22A3BFEE00529DAB /* Main.storyboard in Resources */ = {isa = PBXBuildFile; fileRef = 36158C8A22A3BFEE00529DAB /* Main.storyboard */; };
		36158C8E22A3BFF000529DAB /* Assets.xcassets in Resources */ = {isa = PBXBuildFile; fileRef = 36158C8D22A3BFF000529DAB /* Assets.xcassets */; };
		36158C9122A3BFF000529DAB /* LaunchScreen.storyboard in Resources */ = {isa = PBXBuildFile; fileRef = 36158C8F22A3BFF000529DAB /* LaunchScreen.storyboard */; };
		368C20A222BFB4E300FE255D /* Page2ViewController.swift in Sources */ = {isa = PBXBuildFile; fileRef = 368C20A122BFB4E300FE255D /* Page2ViewController.swift */; };
		368C20A422BFB4F700FE255D /* Page3ViewController.swift in Sources */ = {isa = PBXBuildFile; fileRef = 368C20A322BFB4F700FE255D /* Page3ViewController.swift */; };
		368C20A622BFB50600FE255D /* Page4ViewController.swift in Sources */ = {isa = PBXBuildFile; fileRef = 368C20A522BFB50600FE255D /* Page4ViewController.swift */; };
		368C20A822BFB51400FE255D /* Page5ViewController.swift in Sources */ = {isa = PBXBuildFile; fileRef = 368C20A722BFB51400FE255D /* Page5ViewController.swift */; };
		368C20AA22BFB52300FE255D /* Page6ViewController.swift in Sources */ = {isa = PBXBuildFile; fileRef = 368C20A922BFB52300FE255D /* Page6ViewController.swift */; };
		3693542822B285F800D178C9 /* Page1ViewController.swift in Sources */ = {isa = PBXBuildFile; fileRef = 3693542722B285F800D178C9 /* Page1ViewController.swift */; };
		36C8596222B28A5400455761 /* NewsItems.swift in Sources */ = {isa = PBXBuildFile; fileRef = 36C8596122B28A5400455761 /* NewsItems.swift */; };
		36C8596422B3F99400455761 /* WebViewController.swift in Sources */ = {isa = PBXBuildFile; fileRef = 36C8596322B3F99400455761 /* WebViewController.swift */; };
		8811D0A0FA07BB39BECD78A2 /* Pods_newsApp.framework in Frameworks */ = {isa = PBXBuildFile; fileRef = 4FEAE97433EBEDE037D322C6 /* Pods_newsApp.framework */; };
/* End PBXBuildFile section */

/* Begin PBXFileReference section */
		23AFE84ED028BCF33DDC4F41 /* Pods-newsApp.debug.xcconfig */ = {isa = PBXFileReference; includeInIndex = 1; lastKnownFileType = text.xcconfig; name = "Pods-newsApp.debug.xcconfig"; path = "Target Support Files/Pods-newsApp/Pods-newsApp.debug.xcconfig"; sourceTree = "<group>"; };
		36158C8322A3BFEE00529DAB /* newsApp.app */ = {isa = PBXFileReference; explicitFileType = wrapper.application; includeInIndex = 0; path = newsApp.app; sourceTree = BUILT_PRODUCTS_DIR; };
		36158C8622A3BFEE00529DAB /* AppDelegate.swift */ = {isa = PBXFileReference; lastKnownFileType = sourcecode.swift; path = AppDelegate.swift; sourceTree = "<group>"; };
		36158C8822A3BFEE00529DAB /* ViewController.swift */ = {isa = PBXFileReference; lastKnownFileType = sourcecode.swift; path = ViewController.swift; sourceTree = "<group>"; };
		36158C8B22A3BFEE00529DAB /* Base */ = {isa = PBXFileReference; lastKnownFileType = file.storyboard; name = Base; path = Base.lproj/Main.storyboard; sourceTree = "<group>"; };
		36158C8D22A3BFF000529DAB /* Assets.xcassets */ = {isa = PBXFileReference; lastKnownFileType = folder.assetcatalog; path = Assets.xcassets; sourceTree = "<group>"; };
		36158C9022A3BFF000529DAB /* Base */ = {isa = PBXFileReference; lastKnownFileType = file.storyboard; name = Base; path = Base.lproj/LaunchScreen.storyboard; sourceTree = "<group>"; };
		36158C9222A3BFF000529DAB /* Info.plist */ = {isa = PBXFileReference; lastKnownFileType = text.plist.xml; path = Info.plist; sourceTree = "<group>"; };
		368C20A122BFB4E300FE255D /* Page2ViewController.swift */ = {isa = PBXFileReference; lastKnownFileType = sourcecode.swift; path = Page2ViewController.swift; sourceTree = "<group>"; };
		368C20A322BFB4F700FE255D /* Page3ViewController.swift */ = {isa = PBXFileReference; lastKnownFileType = sourcecode.swift; path = Page3ViewController.swift; sourceTree = "<group>"; };
		368C20A522BFB50600FE255D /* Page4ViewController.swift */ = {isa = PBXFileReference; lastKnownFileType = sourcecode.swift; path = Page4ViewController.swift; sourceTree = "<group>"; };
		368C20A722BFB51400FE255D /* Page5ViewController.swift */ = {isa = PBXFileReference; lastKnownFileType = sourcecode.swift; path = Page5ViewController.swift; sourceTree = "<group>"; };
		368C20A922BFB52300FE255D /* Page6ViewController.swift */ = {isa = PBXFileReference; lastKnownFileType = sourcecode.swift; path = Page6ViewController.swift; sourceTree = "<group>"; };
		3693542722B285F800D178C9 /* Page1ViewController.swift */ = {isa = PBXFileReference; lastKnownFileType = sourcecode.swift; path = Page1ViewController.swift; sourceTree = "<group>"; };
		36C8596122B28A5400455761 /* NewsItems.swift */ = {isa = PBXFileReference; lastKnownFileType = sourcecode.swift; path = NewsItems.swift; sourceTree = "<group>"; };
		36C8596322B3F99400455761 /* WebViewController.swift */ = {isa = PBXFileReference; lastKnownFileType = sourcecode.swift; path = WebViewController.swift; sourceTree = "<group>"; };
		4FEAE97433EBEDE037D322C6 /* Pods_newsApp.framework */ = {isa = PBXFileReference; explicitFileType = wrapper.framework; includeInIndex = 0; path = Pods_newsApp.framework; sourceTree = BUILT_PRODUCTS_DIR; };
		9C13E5E743922E98FAC172CC /* Pods-newsApp.release.xcconfig */ = {isa = PBXFileReference; includeInIndex = 1; lastKnownFileType = text.xcconfig; name = "Pods-newsApp.release.xcconfig"; path = "Target Support Files/Pods-newsApp/Pods-newsApp.release.xcconfig"; sourceTree = "<group>"; };
/* End PBXFileReference section */

/* Begin PBXFrameworksBuildPhase section */
		36158C8022A3BFEE00529DAB /* Frameworks */ = {
			isa = PBXFrameworksBuildPhase;
			buildActionMask = 2147483647;
			files = (
				8811D0A0FA07BB39BECD78A2 /* Pods_newsApp.framework in Frameworks */,
			);
			runOnlyForDeploymentPostprocessing = 0;
		};
/* End PBXFrameworksBuildPhase section */

/* Begin PBXGroup section */
		36158C7A22A3BFEE00529DAB = {
			isa = PBXGroup;
			children = (
				36158C8522A3BFEE00529DAB /* newsApp */,
				36158C8422A3BFEE00529DAB /* Products */,
				9B64AB30BCA0C89B1B5C18D4 /* Pods */,
				6803810FD6857896015B8DEE /* Frameworks */,
			);
			sourceTree = "<group>";
		};
		36158C8422A3BFEE00529DAB /* Products */ = {
			isa = PBXGroup;
			children = (
				36158C8322A3BFEE00529DAB /* newsApp.app */,
			);
			name = Products;
			sourceTree = "<group>";
		};
		36158C8522A3BFEE00529DAB /* newsApp */ = {
			isa = PBXGroup;
			children = (
				36158C8622A3BFEE00529DAB /* AppDelegate.swift */,
				36158C8822A3BFEE00529DAB /* ViewController.swift */,
				3693542722B285F800D178C9 /* Page1ViewController.swift */,
				368C20A122BFB4E300FE255D /* Page2ViewController.swift */,
				368C20A322BFB4F700FE255D /* Page3ViewController.swift */,
				368C20A522BFB50600FE255D /* Page4ViewController.swift */,
				368C20A722BFB51400FE255D /* Page5ViewController.swift */,
				368C20A922BFB52300FE255D /* Page6ViewController.swift */,
				36C8596322B3F99400455761 /* WebViewController.swift */,
				36C8596122B28A5400455761 /* NewsItems.swift */,
				36158C8A22A3BFEE00529DAB /* Main.storyboard */,
				36158C8D22A3BFF000529DAB /* Assets.xcassets */,
				36158C8F22A3BFF000529DAB /* LaunchScreen.storyboard */,
				36158C9222A3BFF000529DAB /* Info.plist */,
			);
			path = newsApp;
			sourceTree = "<group>";
		};
		6803810FD6857896015B8DEE /* Frameworks */ = {
			isa = PBXGroup;
			children = (
				4FEAE97433EBEDE037D322C6 /* Pods_newsApp.framework */,
			);
			name = Frameworks;
			sourceTree = "<group>";
		};
		9B64AB30BCA0C89B1B5C18D4 /* Pods */ = {
			isa = PBXGroup;
			children = (
				23AFE84ED028BCF33DDC4F41 /* Pods-newsApp.debug.xcconfig */,
				9C13E5E743922E98FAC172CC /* Pods-newsApp.release.xcconfig */,
			);
			path = Pods;
			sourceTree = "<group>";
		};
/* End PBXGroup section */

/* Begin PBXNativeTarget section */
		36158C8222A3BFEE00529DAB /* newsApp */ = {
			isa = PBXNativeTarget;
			buildConfigurationList = 36158C9522A3BFF000529DAB /* Build configuration list for PBXNativeTarget "newsApp" */;
			buildPhases = (
				5EC7A7F931B4424203385A22 /* [CP] Check Pods Manifest.lock */,
				36158C7F22A3BFEE00529DAB /* Sources */,
				36158C8022A3BFEE00529DAB /* Frameworks */,
				36158C8122A3BFEE00529DAB /* Resources */,
			);
			buildRules = (
			);
			dependencies = (
			);
			name = newsApp;
			productName = newsApp;
			productReference = 36158C8322A3BFEE00529DAB /* newsApp.app */;
			productType = "com.apple.product-type.application";
		};
/* End PBXNativeTarget section */

/* Begin PBXProject section */
		36158C7B22A3BFEE00529DAB /* Project object */ = {
			isa = PBXProject;
			attributes = {
				LastSwiftUpdateCheck = 1020;
				LastUpgradeCheck = 1020;
				ORGANIZATIONNAME = "Akiko Sato";
				TargetAttributes = {
					36158C8222A3BFEE00529DAB = {
						CreatedOnToolsVersion = 10.2.1;
					};
				};
			};
			buildConfigurationList = 36158C7E22A3BFEE00529DAB /* Build configuration list for PBXProject "newsApp" */;
			compatibilityVersion = "Xcode 9.3";
			developmentRegion = en;
			hasScannedForEncodings = 0;
			knownRegions = (
				en,
				Base,
			);
			mainGroup = 36158C7A22A3BFEE00529DAB;
			productRefGroup = 36158C8422A3BFEE00529DAB /* Products */;
			projectDirPath = "";
			projectRoot = "";
			targets = (
				36158C8222A3BFEE00529DAB /* newsApp */,
			);
		};
/* End PBXProject section */

/* Begin PBXResourcesBuildPhase section */
		36158C8122A3BFEE00529DAB /* Resources */ = {
			isa = PBXResourcesBuildPhase;
			buildActionMask = 2147483647;
			files = (
				36158C9122A3BFF000529DAB /* LaunchScreen.storyboard in Resources */,
				36158C8E22A3BFF000529DAB /* Assets.xcassets in Resources */,
				36158C8C22A3BFEE00529DAB /* Main.storyboard in Resources */,
			);
			runOnlyForDeploymentPostprocessing = 0;
		};
/* End PBXResourcesBuildPhase section */

/* Begin PBXShellScriptBuildPhase section */
		5EC7A7F931B4424203385A22 /* [CP] Check Pods Manifest.lock */ = {
			isa = PBXShellScriptBuildPhase;
			buildActionMask = 2147483647;
			files = (
			);
			inputFileListPaths = (
			);
			inputPaths = (
				"${PODS_PODFILE_DIR_PATH}/Podfile.lock",
				"${PODS_ROOT}/Manifest.lock",
			);
			name = "[CP] Check Pods Manifest.lock";
			outputFileListPaths = (
			);
			outputPaths = (
				"$(DERIVED_FILE_DIR)/Pods-newsApp-checkManifestLockResult.txt",
			);
			runOnlyForDeploymentPostprocessing = 0;
			shellPath = /bin/sh;
			shellScript = "diff \"${PODS_PODFILE_DIR_PATH}/Podfile.lock\" \"${PODS_ROOT}/Manifest.lock\" > /dev/null\nif [ $? != 0 ] ; then\n    # print error to STDERR\n    echo \"error: The sandbox is not in sync with the Podfile.lock. Run 'pod install' or update your CocoaPods installation.\" >&2\n    exit 1\nfi\n# This output is used by Xcode 'outputs' to avoid re-running this script phase.\necho \"SUCCESS\" > \"${SCRIPT_OUTPUT_FILE_0}\"\n";
			showEnvVarsInLog = 0;
		};
/* End PBXShellScriptBuildPhase section */

/* Begin PBXSourcesBuildPhase section */
		36158C7F22A3BFEE00529DAB /* Sources */ = {
			isa = PBXSourcesBuildPhase;
			buildActionMask = 2147483647;
			files = (
				3693542822B285F800D178C9 /* Page1ViewController.swift in Sources */,
				36C8596222B28A5400455761 /* NewsItems.swift in Sources */,
				368C20A822BFB51400FE255D /* Page5ViewController.swift in Sources */,
				36158C8922A3BFEE00529DAB /* ViewController.swift in Sources */,
				368C20AA22BFB52300FE255D /* Page6ViewController.swift in Sources */,
				36C8596422B3F99400455761 /* WebViewController.swift in Sources */,
				368C20A622BFB50600FE255D /* Page4ViewController.swift in Sources */,
				368C20A222BFB4E300FE255D /* Page2ViewController.swift in Sources */,
				36158C8722A3BFEE00529DAB /* AppDelegate.swift in Sources */,
				368C20A422BFB4F700FE255D /* Page3ViewController.swift in Sources */,
			);
			runOnlyForDeploymentPostprocessing = 0;
		};
/* End PBXSourcesBuildPhase section */

/* Begin PBXVariantGroup section */
		36158C8A22A3BFEE00529DAB /* Main.storyboard */ = {
			isa = PBXVariantGroup;
			children = (
				36158C8B22A3BFEE00529DAB /* Base */,
			);
			name = Main.storyboard;
			sourceTree = "<group>";
		};
		36158C8F22A3BFF000529DAB /* LaunchScreen.storyboard */ = {
			isa = PBXVariantGroup;
			children = (
				36158C9022A3BFF000529DAB /* Base */,
			);
			name = LaunchScreen.storyboard;
			sourceTree = "<group>";
		};
/* End PBXVariantGroup section */

/* Begin XCBuildConfiguration section */
		36158C9322A3BFF000529DAB /* Debug */ = {
			isa = XCBuildConfiguration;
			buildSettings = {
				ALWAYS_SEARCH_USER_PATHS = NO;
				CLANG_ANALYZER_NONNULL = YES;
				CLANG_ANALYZER_NUMBER_OBJECT_CONVERSION = YES_AGGRESSIVE;
				CLANG_CXX_LANGUAGE_STANDARD = "gnu++14";
				CLANG_CXX_LIBRARY = "libc++";
				CLANG_ENABLE_MODULES = YES;
				CLANG_ENABLE_OBJC_ARC = YES;
				CLANG_ENABLE_OBJC_WEAK = YES;
				CLANG_WARN_BLOCK_CAPTURE_AUTORELEASING = YES;
				CLANG_WARN_BOOL_CONVERSION = YES;
				CLANG_WARN_COMMA = YES;
				CLANG_WARN_CONSTANT_CONVERSION = YES;
				CLANG_WARN_DEPRECATED_OBJC_IMPLEMENTATIONS = YES;
				CLANG_WARN_DIRECT_OBJC_ISA_USAGE = YES_ERROR;
				CLANG_WARN_DOCUMENTATION_COMMENTS = YES;
				CLANG_WARN_EMPTY_BODY = YES;
				CLANG_WARN_ENUM_CONVERSION = YES;
				CLANG_WARN_INFINITE_RECURSION = YES;
				CLANG_WARN_INT_CONVERSION = YES;
				CLANG_WARN_NON_LITERAL_NULL_CONVERSION = YES;
				CLANG_WARN_OBJC_IMPLICIT_RETAIN_SELF = YES;
				CLANG_WARN_OBJC_LITERAL_CONVERSION = YES;
				CLANG_WARN_OBJC_ROOT_CLASS = YES_ERROR;
				CLANG_WARN_RANGE_LOOP_ANALYSIS = YES;
				CLANG_WARN_STRICT_PROTOTYPES = YES;
				CLANG_WARN_SUSPICIOUS_MOVE = YES;
				CLANG_WARN_UNGUARDED_AVAILABILITY = YES_AGGRESSIVE;
				CLANG_WARN_UNREACHABLE_CODE = YES;
				CLANG_WARN__DUPLICATE_METHOD_MATCH = YES;
				CODE_SIGN_IDENTITY = "iPhone Developer";
				COPY_PHASE_STRIP = NO;
				DEBUG_INFORMATION_FORMAT = dwarf;
				ENABLE_STRICT_OBJC_MSGSEND = YES;
				ENABLE_TESTABILITY = YES;
				GCC_C_LANGUAGE_STANDARD = gnu11;
				GCC_DYNAMIC_NO_PIC = NO;
				GCC_NO_COMMON_BLOCKS = YES;
				GCC_OPTIMIZATION_LEVEL = 0;
				GCC_PREPROCESSOR_DEFINITIONS = (
					"DEBUG=1",
					"$(inherited)",
				);
				GCC_WARN_64_TO_32_BIT_CONVERSION = YES;
				GCC_WARN_ABOUT_RETURN_TYPE = YES_ERROR;
				GCC_WARN_UNDECLARED_SELECTOR = YES;
				GCC_WARN_UNINITIALIZED_AUTOS = YES_AGGRESSIVE;
				GCC_WARN_UNUSED_FUNCTION = YES;
				GCC_WARN_UNUSED_VARIABLE = YES;
				IPHONEOS_DEPLOYMENT_TARGET = 12.2;
				MTL_ENABLE_DEBUG_INFO = INCLUDE_SOURCE;
				MTL_FAST_MATH = YES;
				ONLY_ACTIVE_ARCH = YES;
				SDKROOT = iphoneos;
				SWIFT_ACTIVE_COMPILATION_CONDITIONS = DEBUG;
				SWIFT_OPTIMIZATION_LEVEL = "-Onone";
			};
			name = Debug;
		};
		36158C9422A3BFF000529DAB /* Release */ = {
			isa = XCBuildConfiguration;
			buildSettings = {
				ALWAYS_SEARCH_USER_PATHS = NO;
				CLANG_ANALYZER_NONNULL = YES;
				CLANG_ANALYZER_NUMBER_OBJECT_CONVERSION = YES_AGGRESSIVE;
				CLANG_CXX_LANGUAGE_STANDARD = "gnu++14";
				CLANG_CXX_LIBRARY = "libc++";
				CLANG_ENABLE_MODULES = YES;
				CLANG_ENABLE_OBJC_ARC = YES;
				CLANG_ENABLE_OBJC_WEAK = YES;
				CLANG_WARN_BLOCK_CAPTURE_AUTORELEASING = YES;
				CLANG_WARN_BOOL_CONVERSION = YES;
				CLANG_WARN_COMMA = YES;
				CLANG_WARN_CONSTANT_CONVERSION = YES;
				CLANG_WARN_DEPRECATED_OBJC_IMPLEMENTATIONS = YES;
				CLANG_WARN_DIRECT_OBJC_ISA_USAGE = YES_ERROR;
				CLANG_WARN_DOCUMENTATION_COMMENTS = YES;
				CLANG_WARN_EMPTY_BODY = YES;
				CLANG_WARN_ENUM_CONVERSION = YES;
				CLANG_WARN_INFINITE_RECURSION = YES;
				CLANG_WARN_INT_CONVERSION = YES;
				CLANG_WARN_NON_LITERAL_NULL_CONVERSION = YES;
				CLANG_WARN_OBJC_IMPLICIT_RETAIN_SELF = YES;
				CLANG_WARN_OBJC_LITERAL_CONVERSION = YES;
				CLANG_WARN_OBJC_ROOT_CLASS = YES_ERROR;
				CLANG_WARN_RANGE_LOOP_ANALYSIS = YES;
				CLANG_WARN_STRICT_PROTOTYPES = YES;
				CLANG_WARN_SUSPICIOUS_MOVE = YES;
				CLANG_WARN_UNGUARDED_AVAILABILITY = YES_AGGRESSIVE;
				CLANG_WARN_UNREACHABLE_CODE = YES;
				CLANG_WARN__DUPLICATE_METHOD_MATCH = YES;
				CODE_SIGN_IDENTITY = "iPhone Developer";
				COPY_PHASE_STRIP = NO;
				DEBUG_INFORMATION_FORMAT = "dwarf-with-dsym";
				ENABLE_NS_ASSERTIONS = NO;
				ENABLE_STRICT_OBJC_MSGSEND = YES;
				GCC_C_LANGUAGE_STANDARD = gnu11;
				GCC_NO_COMMON_BLOCKS = YES;
				GCC_WARN_64_TO_32_BIT_CONVERSION = YES;
				GCC_WARN_ABOUT_RETURN_TYPE = YES_ERROR;
				GCC_WARN_UNDECLARED_SELECTOR = YES;
				GCC_WARN_UNINITIALIZED_AUTOS = YES_AGGRESSIVE;
				GCC_WARN_UNUSED_FUNCTION = YES;
				GCC_WARN_UNUSED_VARIABLE = YES;
				IPHONEOS_DEPLOYMENT_TARGET = 12.2;
				MTL_ENABLE_DEBUG_INFO = NO;
				MTL_FAST_MATH = YES;
				SDKROOT = iphoneos;
				SWIFT_COMPILATION_MODE = wholemodule;
				SWIFT_OPTIMIZATION_LEVEL = "-O";
				VALIDATE_PRODUCT = YES;
			};
			name = Release;
		};
		36158C9622A3BFF000529DAB /* Debug */ = {
			isa = XCBuildConfiguration;
			baseConfigurationReference = 23AFE84ED028BCF33DDC4F41 /* Pods-newsApp.debug.xcconfig */;
			buildSettings = {
				ASSETCATALOG_COMPILER_APPICON_NAME = AppIcon;
				CODE_SIGN_STYLE = Automatic;
				DEVELOPMENT_TEAM = L329NAQ5L8;
				INFOPLIST_FILE = newsApp/Info.plist;
				LD_RUNPATH_SEARCH_PATHS = (
					"$(inherited)",
					"@executable_path/Frameworks",
				);
				PRODUCT_BUNDLE_IDENTIFIER = "gs-academy.newsApp";
				PRODUCT_NAME = "$(TARGET_NAME)";
				SWIFT_VERSION = 5.0;
				TARGETED_DEVICE_FAMILY = "1,2";
			};
			name = Debug;
		};
		36158C9722A3BFF000529DAB /* Release */ = {
			isa = XCBuildConfiguration;
			baseConfigurationReference = 9C13E5E743922E98FAC172CC /* Pods-newsApp.release.xcconfig */;
			buildSettings = {
				ASSETCATALOG_COMPILER_APPICON_NAME = AppIcon;
				CODE_SIGN_STYLE = Automatic;
				DEVELOPMENT_TEAM = L329NAQ5L8;
				INFOPLIST_FILE = newsApp/Info.plist;
				LD_RUNPATH_SEARCH_PATHS = (
					"$(inherited)",
					"@executable_path/Frameworks",
				);
				PRODUCT_BUNDLE_IDENTIFIER = "gs-academy.newsApp";
				PRODUCT_NAME = "$(TARGET_NAME)";
				SWIFT_VERSION = 5.0;
				TARGETED_DEVICE_FAMILY = "1,2";
			};
			name = Release;
		};
/* End XCBuildConfiguration section */

/* Begin XCConfigurationList section */
		36158C7E22A3BFEE00529DAB /* Build configuration list for PBXProject "newsApp" */ = {
			isa = XCConfigurationList;
			buildConfigurations = (
				36158C9322A3BFF000529DAB /* Debug */,
				36158C9422A3BFF000529DAB /* Release */,
			);
			defaultConfigurationIsVisible = 0;
			defaultConfigurationName = Release;
		};
		36158C9522A3BFF000529DAB /* Build configuration list for PBXNativeTarget "newsApp" */ = {
			isa = XCConfigurationList;
			buildConfigurations = (
				36158C9622A3BFF000529DAB /* Debug */,
				36158C9722A3BFF000529DAB /* Release */,
			);
			defaultConfigurationIsVisible = 0;
			defaultConfigurationName = Release;
		};
/* End XCConfigurationList section */
	};
	rootObject = 36158C7B22A3BFEE00529DAB /* Project object */;
}
